
Microsoft Visual Studio Solution File, Format Version 12.00
# Visual Studio Version 17
VisualStudioVersion = 17.5.002.0
MinimumVisualStudioVersion = 10.0.40219.1
Project("{9A19103F-16F7-4668-BE54-9A1E7A4F7556}") = "Task01", "Task01\Task01.csproj", "{9D50500A-D910-40A3-B92A-4DAC0A9076CE}"
EndProject
Project("{9A19103F-16F7-4668-BE54-9A1E7A4F7556}") = "Task02", "Task02\Task02.csproj", "{1C1DD90C-79EA-45B4-B490-250C2DA838C0}"
EndProject
Project("{9A19103F-16F7-4668-BE54-9A1E7A4F7556}") = "Task03", "Task03\Task03.csproj", "{AEA15BC7-7AF4-4C06-9267-5C349161A243}"
EndProject
Project("{9A19103F-16F7-4668-BE54-9A1E7A4F7556}") = "Task04", "Task04\Task04.csproj", "{7502ED02-F2D4-4E6D-AD30-A4FC1762457D}"
EndProject
Project("{9A19103F-16F7-4668-BE54-9A1E7A4F7556}") = "Task05", "Task05\Task05.csproj", "{BFEC62EC-865A-4714-A562-8C08E400CE19}"
EndProject
Project("{9A19103F-16F7-4668-BE54-9A1E7A4F7556}") = "Task06", "Task06\Task06.csproj", "{3354D285-E8B5-43FF-B80E-522BC707B7CE}"
EndProject
Project("{9A19103F-16F7-4668-BE54-9A1E7A4F7556}") = "Task07", "Task07\Task07.csproj", "{6456861F-D512-4F20-A98E-7AC6B0442B6B}"
EndProject
Project("{9A19103F-16F7-4668-BE54-9A1E7A4F7556}") = "Task08", "Task08\Task08.csproj", "{0A8F8A6A-DFFD-4331-9347-1DEBF263B704}"
EndProject
Project("{9A19103F-16F7-4668-BE54-9A1E7A4F7556}") = "Task09", "Task09\Task09.csproj", "{C136DB58-2043-44F0-9CC4-5BDC2D85086E}"
EndProject
Project("{9A19103F-16F7-4668-BE54-9A1E7A4F7556}") = "Task10", "Task10\Task10.csproj", "{9740B0B2-CE8B-45B9-8330-D6068FFECD65}"
EndProject
Project("{9A19103F-16F7-4668-BE54-9A1E7A4F7556}") = "Task11", "Task11\Task11.csproj", "{B4F3925B-A8E3-4B40-90EC-BD113ED647EB}"
EndProject
Project("{9A19103F-16F7-4668-BE54-9A1E7A4F7556}") = "Task12", "Task12\Task12.csproj", "{94AB3F94-7D43-4299-AA24-511A0A89E6BB}"
EndProject
Project("{9A19103F-16F7-4668-BE54-9A1E7A4F7556}") = "Task13", "Task13\Task13.csproj", "{0FD156CA-40E6-48A8-B4F0-4401956C5E89}"
EndProject
Project("{9A19103F-16F7-4668-BE54-9A1E7A4F7556}") = "Task14", "Task14\Task14.csproj", "{6C6770DB-990D-42BF-9D11-A4D0C96E56C5}"
EndProject
Project("{9A19103F-16F7-4668-BE54-9A1E7A4F7556}") = "Task15", "Task15\Task15.csproj", "{78720885-38A5-4304-B7A1-FC2B59AD13AC}"
EndProject
Project("{9A19103F-16F7-4668-BE54-9A1E7A4F7556}") = "Task16", "Task16\Task16.csproj", "{BE47FE5C-B2B6-4714-A473-133474ACBB92}"
EndProject
Project("{9A19103F-16F7-4668-BE54-9A1E7A4F7556}") = "Task17", "Task17\Task17.csproj", "{DF6D39C3-E9A8-4E63-9920-92421B955273}"
EndProject
Project("{9A19103F-16F7-4668-BE54-9A1E7A4F7556}") = "Task18", "Task18\Task18.csproj", "{BB77F103-99C9-4B5D-8CB2-B0A0DC7EA004}"
EndProject
Project("{9A19103F-16F7-4668-BE54-9A1E7A4F7556}") = "Task20", "Task20\Task20.csproj", "{E0763AF9-7FC8-4521-88A5-3F47BD299BF5}"
EndProject
Project("{9A19103F-16F7-4668-BE54-9A1E7A4F7556}") = "Task22", "Task22\Task22.csproj", "{58C6A947-14BE-424F-9FAA-366F0F0968F9}"
EndProject
Project("{9A19103F-16F7-4668-BE54-9A1E7A4F7556}") = "Task24", "Task24\Task24.csproj", "{FED08C94-2737-4C71-938A-EFB60335CC71}"
EndProject
Project("{9A19103F-16F7-4668-BE54-9A1E7A4F7556}") = "Task25", "Task25\Task25.csproj", "{9A028E10-01FB-46F2-A66D-7504155D2353}"
EndProject
Project("{9A19103F-16F7-4668-BE54-9A1E7A4F7556}") = "Task26", "Task26\Task26.csproj", "{2D891029-2313-403F-A017-0FABD1AAA233}"
EndProject
Project("{9A19103F-16F7-4668-BE54-9A1E7A4F7556}") = "Task27", "Task27\Task27.csproj", "{AB79C36D-ED35-486C-ABB7-A7DDC9BBC5EE}"
EndProject
Project("{9A19103F-16F7-4668-BE54-9A1E7A4F7556}") = "Task28", "Task28\Task28.csproj", "{B02BE2A9-417C-40DA-9684-58961D879429}"
EndProject
Project("{9A19103F-16F7-4668-BE54-9A1E7A4F7556}") = "Task29", "Task29\Task29.csproj", "{9F5DEA40-FCA6-42EA-819F-3271BF0FAC4A}"
EndProject
Project("{9A19103F-16F7-4668-BE54-9A1E7A4F7556}") = "Task30", "Task30\Task30.csproj", "{9054B154-9736-472E-BEDC-38E06F2E205C}"
EndProject
Project("{9A19103F-16F7-4668-BE54-9A1E7A4F7556}") = "Task31", "Task31\Task31.csproj", "{71841619-A513-4CB8-928A-8852F8EA6151}"
EndProject
Project("{9A19103F-16F7-4668-BE54-9A1E7A4F7556}") = "Task32", "Task32\Task32.csproj", "{AB71F763-4600-41D4-8771-7A2C1E9E90E6}"
EndProject
Project("{9A19103F-16F7-4668-BE54-9A1E7A4F7556}") = "Task33", "Task33\Task33.csproj", "{C9DE1E97-AFE5-400B-ABC0-A8591390F3CF}"
EndProject
Project("{9A19103F-16F7-4668-BE54-9A1E7A4F7556}") = "Task35", "Task35\Task35.csproj", "{5FB42FC4-CE04-4D55-9811-2A2CB3087602}"
EndProject
Project("{9A19103F-16F7-4668-BE54-9A1E7A4F7556}") = "Task37", "Task37\Task37.csproj", "{EF08BFFC-87D8-403D-8CAC-5C960F4A1EC5}"
EndProject
Project("{9A19103F-16F7-4668-BE54-9A1E7A4F7556}") = "Task39", "Task39\Task39.csproj", "{1565A1E9-462C-436F-BE80-F1A8875DC667}"
EndProject
Project("{9A19103F-16F7-4668-BE54-9A1E7A4F7556}") = "Task40", "Task40\Task40.csproj", "{178ACC64-FDFE-4699-9955-9AD1147C3685}"
EndProject
Project("{9A19103F-16F7-4668-BE54-9A1E7A4F7556}") = "Task41", "Task41\Task41.csproj", "{704D9622-8B4C-4083-89EC-C75807397976}"
EndProject
Project("{9A19103F-16F7-4668-BE54-9A1E7A4F7556}") = "Task42", "Task42\Task42.csproj", "{4E1EB78C-24FC-4DF8-A92D-99E6BF4A00A3}"
EndProject
Project("{9A19103F-16F7-4668-BE54-9A1E7A4F7556}") = "Task43", "Task43\Task43.csproj", "{F050B835-65DF-4B8C-8713-E5D649B4DDF9}"
EndProject
Project("{9A19103F-16F7-4668-BE54-9A1E7A4F7556}") = "Task44", "Task44\Task44.csproj", "{1C099832-4931-40C8-AE70-8B000738A5C7}"
EndProject
Project("{9A19103F-16F7-4668-BE54-9A1E7A4F7556}") = "Task45", "Task45\Task45.csproj", "{3B037FD6-54D5-4B3C-B065-EBB6BCB47B29}"
EndProject
Project("{9A19103F-16F7-4668-BE54-9A1E7A4F7556}") = "Task46", "Task46\Task46.csproj", "{392D4B6E-BD7A-4757-A09E-68C30CEE08D5}"
EndProject
Project("{9A19103F-16F7-4668-BE54-9A1E7A4F7556}") = "Task48", "Task48\Task48.csproj", "{AF200D12-76E5-4468-94D0-A6A88B4799C3}"
EndProject
Project("{9A19103F-16F7-4668-BE54-9A1E7A4F7556}") = "Task49", "Task49\Task49.csproj", "{2C262788-4C43-4CF7-B022-639A2259F401}"
EndProject
Project("{9A19103F-16F7-4668-BE54-9A1E7A4F7556}") = "Task51", "Task51\Task51.csproj", "{6426312D-9181-4383-8341-37AF63CE3001}"
EndProject
Project("{9A19103F-16F7-4668-BE54-9A1E7A4F7556}") = "Task53", "Task53\Task53.csproj", "{D839A3BA-E2F7-4E15-97AF-C62C05804C1F}"
EndProject
Project("{9A19103F-16F7-4668-BE54-9A1E7A4F7556}") = "Task55", "Task55\Task55.csproj", "{F759C46B-C23E-41C6-ABD3-D293130F6120}"
EndProject
Project("{9A19103F-16F7-4668-BE54-9A1E7A4F7556}") = "Task57", "Task57\Task57.csproj", "{8601E243-80C2-4530-A0E3-6393E0418DED}"
EndProject
Project("{9A19103F-16F7-4668-BE54-9A1E7A4F7556}") = "Task59", "Task59\Task59.csproj", "{BDAC9375-78EC-4774-AEE2-31BE74AA2A0A}"
EndProject
Global
	GlobalSection(SolutionConfigurationPlatforms) = preSolution
		Debug|Any CPU = Debug|Any CPU
		Release|Any CPU = Release|Any CPU
	EndGlobalSection
	GlobalSection(ProjectConfigurationPlatforms) = postSolution
		{9D50500A-D910-40A3-B92A-4DAC0A9076CE}.Debug|Any CPU.ActiveCfg = Debug|Any CPU
		{9D50500A-D910-40A3-B92A-4DAC0A9076CE}.Debug|Any CPU.Build.0 = Debug|Any CPU
		{9D50500A-D910-40A3-B92A-4DAC0A9076CE}.Release|Any CPU.ActiveCfg = Release|Any CPU
		{9D50500A-D910-40A3-B92A-4DAC0A9076CE}.Release|Any CPU.Build.0 = Release|Any CPU
		{1C1DD90C-79EA-45B4-B490-250C2DA838C0}.Debug|Any CPU.ActiveCfg = Debug|Any CPU
		{1C1DD90C-79EA-45B4-B490-250C2DA838C0}.Debug|Any CPU.Build.0 = Debug|Any CPU
		{1C1DD90C-79EA-45B4-B490-250C2DA838C0}.Release|Any CPU.ActiveCfg = Release|Any CPU
		{1C1DD90C-79EA-45B4-B490-250C2DA838C0}.Release|Any CPU.Build.0 = Release|Any CPU
		{AEA15BC7-7AF4-4C06-9267-5C349161A243}.Debug|Any CPU.ActiveCfg = Debug|Any CPU
		{AEA15BC7-7AF4-4C06-9267-5C349161A243}.Debug|Any CPU.Build.0 = Debug|Any CPU
		{AEA15BC7-7AF4-4C06-9267-5C349161A243}.Release|Any CPU.ActiveCfg = Release|Any CPU
		{AEA15BC7-7AF4-4C06-9267-5C349161A243}.Release|Any CPU.Build.0 = Release|Any CPU
		{7502ED02-F2D4-4E6D-AD30-A4FC1762457D}.Debug|Any CPU.ActiveCfg = Debug|Any CPU
		{7502ED02-F2D4-4E6D-AD30-A4FC1762457D}.Debug|Any CPU.Build.0 = Debug|Any CPU
		{7502ED02-F2D4-4E6D-AD30-A4FC1762457D}.Release|Any CPU.ActiveCfg = Release|Any CPU
		{7502ED02-F2D4-4E6D-AD30-A4FC1762457D}.Release|Any CPU.Build.0 = Release|Any CPU
		{BFEC62EC-865A-4714-A562-8C08E400CE19}.Debug|Any CPU.ActiveCfg = Debug|Any CPU
		{BFEC62EC-865A-4714-A562-8C08E400CE19}.Debug|Any CPU.Build.0 = Debug|Any CPU
		{BFEC62EC-865A-4714-A562-8C08E400CE19}.Release|Any CPU.ActiveCfg = Release|Any CPU
		{BFEC62EC-865A-4714-A562-8C08E400CE19}.Release|Any CPU.Build.0 = Release|Any CPU
		{3354D285-E8B5-43FF-B80E-522BC707B7CE}.Debug|Any CPU.ActiveCfg = Debug|Any CPU
		{3354D285-E8B5-43FF-B80E-522BC707B7CE}.Debug|Any CPU.Build.0 = Debug|Any CPU
		{3354D285-E8B5-43FF-B80E-522BC707B7CE}.Release|Any CPU.ActiveCfg = Release|Any CPU
		{3354D285-E8B5-43FF-B80E-522BC707B7CE}.Release|Any CPU.Build.0 = Release|Any CPU
		{6456861F-D512-4F20-A98E-7AC6B0442B6B}.Debug|Any CPU.ActiveCfg = Debug|Any CPU
		{6456861F-D512-4F20-A98E-7AC6B0442B6B}.Debug|Any CPU.Build.0 = Debug|Any CPU
		{6456861F-D512-4F20-A98E-7AC6B0442B6B}.Release|Any CPU.ActiveCfg = Release|Any CPU
		{6456861F-D512-4F20-A98E-7AC6B0442B6B}.Release|Any CPU.Build.0 = Release|Any CPU
		{0A8F8A6A-DFFD-4331-9347-1DEBF263B704}.Debug|Any CPU.ActiveCfg = Debug|Any CPU
		{0A8F8A6A-DFFD-4331-9347-1DEBF263B704}.Debug|Any CPU.Build.0 = Debug|Any CPU
		{0A8F8A6A-DFFD-4331-9347-1DEBF263B704}.Release|Any CPU.ActiveCfg = Release|Any CPU
		{0A8F8A6A-DFFD-4331-9347-1DEBF263B704}.Release|Any CPU.Build.0 = Release|Any CPU
		{C136DB58-2043-44F0-9CC4-5BDC2D85086E}.Debug|Any CPU.ActiveCfg = Debug|Any CPU
		{C136DB58-2043-44F0-9CC4-5BDC2D85086E}.Debug|Any CPU.Build.0 = Debug|Any CPU
		{C136DB58-2043-44F0-9CC4-5BDC2D85086E}.Release|Any CPU.ActiveCfg = Release|Any CPU
		{C136DB58-2043-44F0-9CC4-5BDC2D85086E}.Release|Any CPU.Build.0 = Release|Any CPU
		{9740B0B2-CE8B-45B9-8330-D6068FFECD65}.Debug|Any CPU.ActiveCfg = Debug|Any CPU
		{9740B0B2-CE8B-45B9-8330-D6068FFECD65}.Debug|Any CPU.Build.0 = Debug|Any CPU
		{9740B0B2-CE8B-45B9-8330-D6068FFECD65}.Release|Any CPU.ActiveCfg = Release|Any CPU
		{9740B0B2-CE8B-45B9-8330-D6068FFECD65}.Release|Any CPU.Build.0 = Release|Any CPU
		{B4F3925B-A8E3-4B40-90EC-BD113ED647EB}.Debug|Any CPU.ActiveCfg = Debug|Any CPU
		{B4F3925B-A8E3-4B40-90EC-BD113ED647EB}.Debug|Any CPU.Build.0 = Debug|Any CPU
		{B4F3925B-A8E3-4B40-90EC-BD113ED647EB}.Release|Any CPU.ActiveCfg = Release|Any CPU
		{B4F3925B-A8E3-4B40-90EC-BD113ED647EB}.Release|Any CPU.Build.0 = Release|Any CPU
		{94AB3F94-7D43-4299-AA24-511A0A89E6BB}.Debug|Any CPU.ActiveCfg = Debug|Any CPU
		{94AB3F94-7D43-4299-AA24-511A0A89E6BB}.Debug|Any CPU.Build.0 = Debug|Any CPU
		{94AB3F94-7D43-4299-AA24-511A0A89E6BB}.Release|Any CPU.ActiveCfg = Release|Any CPU
		{94AB3F94-7D43-4299-AA24-511A0A89E6BB}.Release|Any CPU.Build.0 = Release|Any CPU
		{0FD156CA-40E6-48A8-B4F0-4401956C5E89}.Debug|Any CPU.ActiveCfg = Debug|Any CPU
		{0FD156CA-40E6-48A8-B4F0-4401956C5E89}.Debug|Any CPU.Build.0 = Debug|Any CPU
		{0FD156CA-40E6-48A8-B4F0-4401956C5E89}.Release|Any CPU.ActiveCfg = Release|Any CPU
		{0FD156CA-40E6-48A8-B4F0-4401956C5E89}.Release|Any CPU.Build.0 = Release|Any CPU
		{6C6770DB-990D-42BF-9D11-A4D0C96E56C5}.Debug|Any CPU.ActiveCfg = Debug|Any CPU
		{6C6770DB-990D-42BF-9D11-A4D0C96E56C5}.Debug|Any CPU.Build.0 = Debug|Any CPU
		{6C6770DB-990D-42BF-9D11-A4D0C96E56C5}.Release|Any CPU.ActiveCfg = Release|Any CPU
		{6C6770DB-990D-42BF-9D11-A4D0C96E56C5}.Release|Any CPU.Build.0 = Release|Any CPU
		{78720885-38A5-4304-B7A1-FC2B59AD13AC}.Debug|Any CPU.ActiveCfg = Debug|Any CPU
		{78720885-38A5-4304-B7A1-FC2B59AD13AC}.Debug|Any CPU.Build.0 = Debug|Any CPU
		{78720885-38A5-4304-B7A1-FC2B59AD13AC}.Release|Any CPU.ActiveCfg = Release|Any CPU
		{78720885-38A5-4304-B7A1-FC2B59AD13AC}.Release|Any CPU.Build.0 = Release|Any CPU
		{BE47FE5C-B2B6-4714-A473-133474ACBB92}.Debug|Any CPU.ActiveCfg = Debug|Any CPU
		{BE47FE5C-B2B6-4714-A473-133474ACBB92}.Debug|Any CPU.Build.0 = Debug|Any CPU
		{BE47FE5C-B2B6-4714-A473-133474ACBB92}.Release|Any CPU.ActiveCfg = Release|Any CPU
		{BE47FE5C-B2B6-4714-A473-133474ACBB92}.Release|Any CPU.Build.0 = Release|Any CPU
		{DF6D39C3-E9A8-4E63-9920-92421B955273}.Debug|Any CPU.ActiveCfg = Debug|Any CPU
		{DF6D39C3-E9A8-4E63-9920-92421B955273}.Debug|Any CPU.Build.0 = Debug|Any CPU
		{DF6D39C3-E9A8-4E63-9920-92421B955273}.Release|Any CPU.ActiveCfg = Release|Any CPU
		{DF6D39C3-E9A8-4E63-9920-92421B955273}.Release|Any CPU.Build.0 = Release|Any CPU
		{BB77F103-99C9-4B5D-8CB2-B0A0DC7EA004}.Debug|Any CPU.ActiveCfg = Debug|Any CPU
		{BB77F103-99C9-4B5D-8CB2-B0A0DC7EA004}.Debug|Any CPU.Build.0 = Debug|Any CPU
		{BB77F103-99C9-4B5D-8CB2-B0A0DC7EA004}.Release|Any CPU.ActiveCfg = Release|Any CPU
		{BB77F103-99C9-4B5D-8CB2-B0A0DC7EA004}.Release|Any CPU.Build.0 = Release|Any CPU
		{E0763AF9-7FC8-4521-88A5-3F47BD299BF5}.Debug|Any CPU.ActiveCfg = Debug|Any CPU
		{E0763AF9-7FC8-4521-88A5-3F47BD299BF5}.Debug|Any CPU.Build.0 = Debug|Any CPU
		{E0763AF9-7FC8-4521-88A5-3F47BD299BF5}.Release|Any CPU.ActiveCfg = Release|Any CPU
		{E0763AF9-7FC8-4521-88A5-3F47BD299BF5}.Release|Any CPU.Build.0 = Release|Any CPU
		{58C6A947-14BE-424F-9FAA-366F0F0968F9}.Debug|Any CPU.ActiveCfg = Debug|Any CPU
		{58C6A947-14BE-424F-9FAA-366F0F0968F9}.Debug|Any CPU.Build.0 = Debug|Any CPU
		{58C6A947-14BE-424F-9FAA-366F0F0968F9}.Release|Any CPU.ActiveCfg = Release|Any CPU
		{58C6A947-14BE-424F-9FAA-366F0F0968F9}.Release|Any CPU.Build.0 = Release|Any CPU
		{FED08C94-2737-4C71-938A-EFB60335CC71}.Debug|Any CPU.ActiveCfg = Debug|Any CPU
		{FED08C94-2737-4C71-938A-EFB60335CC71}.Debug|Any CPU.Build.0 = Debug|Any CPU
		{FED08C94-2737-4C71-938A-EFB60335CC71}.Release|Any CPU.ActiveCfg = Release|Any CPU
		{FED08C94-2737-4C71-938A-EFB60335CC71}.Release|Any CPU.Build.0 = Release|Any CPU
		{9A028E10-01FB-46F2-A66D-7504155D2353}.Debug|Any CPU.ActiveCfg = Debug|Any CPU
		{9A028E10-01FB-46F2-A66D-7504155D2353}.Debug|Any CPU.Build.0 = Debug|Any CPU
		{9A028E10-01FB-46F2-A66D-7504155D2353}.Release|Any CPU.ActiveCfg = Release|Any CPU
		{9A028E10-01FB-46F2-A66D-7504155D2353}.Release|Any CPU.Build.0 = Release|Any CPU
		{2D891029-2313-403F-A017-0FABD1AAA233}.Debug|Any CPU.ActiveCfg = Debug|Any CPU
		{2D891029-2313-403F-A017-0FABD1AAA233}.Debug|Any CPU.Build.0 = Debug|Any CPU
		{2D891029-2313-403F-A017-0FABD1AAA233}.Release|Any CPU.ActiveCfg = Release|Any CPU
		{2D891029-2313-403F-A017-0FABD1AAA233}.Release|Any CPU.Build.0 = Release|Any CPU
		{AB79C36D-ED35-486C-ABB7-A7DDC9BBC5EE}.Debug|Any CPU.ActiveCfg = Debug|Any CPU
		{AB79C36D-ED35-486C-ABB7-A7DDC9BBC5EE}.Debug|Any CPU.Build.0 = Debug|Any CPU
		{AB79C36D-ED35-486C-ABB7-A7DDC9BBC5EE}.Release|Any CPU.ActiveCfg = Release|Any CPU
		{AB79C36D-ED35-486C-ABB7-A7DDC9BBC5EE}.Release|Any CPU.Build.0 = Release|Any CPU
		{B02BE2A9-417C-40DA-9684-58961D879429}.Debug|Any CPU.ActiveCfg = Debug|Any CPU
		{B02BE2A9-417C-40DA-9684-58961D879429}.Debug|Any CPU.Build.0 = Debug|Any CPU
		{B02BE2A9-417C-40DA-9684-58961D879429}.Release|Any CPU.ActiveCfg = Release|Any CPU
		{B02BE2A9-417C-40DA-9684-58961D879429}.Release|Any CPU.Build.0 = Release|Any CPU
		{9F5DEA40-FCA6-42EA-819F-3271BF0FAC4A}.Debug|Any CPU.ActiveCfg = Debug|Any CPU
		{9F5DEA40-FCA6-42EA-819F-3271BF0FAC4A}.Debug|Any CPU.Build.0 = Debug|Any CPU
		{9F5DEA40-FCA6-42EA-819F-3271BF0FAC4A}.Release|Any CPU.ActiveCfg = Release|Any CPU
		{9F5DEA40-FCA6-42EA-819F-3271BF0FAC4A}.Release|Any CPU.Build.0 = Release|Any CPU
		{9054B154-9736-472E-BEDC-38E06F2E205C}.Debug|Any CPU.ActiveCfg = Debug|Any CPU
		{9054B154-9736-472E-BEDC-38E06F2E205C}.Debug|Any CPU.Build.0 = Debug|Any CPU
		{9054B154-9736-472E-BEDC-38E06F2E205C}.Release|Any CPU.ActiveCfg = Release|Any CPU
		{9054B154-9736-472E-BEDC-38E06F2E205C}.Release|Any CPU.Build.0 = Release|Any CPU
		{71841619-A513-4CB8-928A-8852F8EA6151}.Debug|Any CPU.ActiveCfg = Debug|Any CPU
		{71841619-A513-4CB8-928A-8852F8EA6151}.Debug|Any CPU.Build.0 = Debug|Any CPU
		{71841619-A513-4CB8-928A-8852F8EA6151}.Release|Any CPU.ActiveCfg = Release|Any CPU
		{71841619-A513-4CB8-928A-8852F8EA6151}.Release|Any CPU.Build.0 = Release|Any CPU
		{AB71F763-4600-41D4-8771-7A2C1E9E90E6}.Debug|Any CPU.ActiveCfg = Debug|Any CPU
		{AB71F763-4600-41D4-8771-7A2C1E9E90E6}.Debug|Any CPU.Build.0 = Debug|Any CPU
		{AB71F763-4600-41D4-8771-7A2C1E9E90E6}.Release|Any CPU.ActiveCfg = Release|Any CPU
		{AB71F763-4600-41D4-8771-7A2C1E9E90E6}.Release|Any CPU.Build.0 = Release|Any CPU
		{C9DE1E97-AFE5-400B-ABC0-A8591390F3CF}.Debug|Any CPU.ActiveCfg = Debug|Any CPU
		{C9DE1E97-AFE5-400B-ABC0-A8591390F3CF}.Debug|Any CPU.Build.0 = Debug|Any CPU
		{C9DE1E97-AFE5-400B-ABC0-A8591390F3CF}.Release|Any CPU.ActiveCfg = Release|Any CPU
		{C9DE1E97-AFE5-400B-ABC0-A8591390F3CF}.Release|Any CPU.Build.0 = Release|Any CPU
		{5FB42FC4-CE04-4D55-9811-2A2CB3087602}.Debug|Any CPU.ActiveCfg = Debug|Any CPU
		{5FB42FC4-CE04-4D55-9811-2A2CB3087602}.Debug|Any CPU.Build.0 = Debug|Any CPU
		{5FB42FC4-CE04-4D55-9811-2A2CB3087602}.Release|Any CPU.ActiveCfg = Release|Any CPU
		{5FB42FC4-CE04-4D55-9811-2A2CB3087602}.Release|Any CPU.Build.0 = Release|Any CPU
		{EF08BFFC-87D8-403D-8CAC-5C960F4A1EC5}.Debug|Any CPU.ActiveCfg = Debug|Any CPU
		{EF08BFFC-87D8-403D-8CAC-5C960F4A1EC5}.Debug|Any CPU.Build.0 = Debug|Any CPU
		{EF08BFFC-87D8-403D-8CAC-5C960F4A1EC5}.Release|Any CPU.ActiveCfg = Release|Any CPU
		{EF08BFFC-87D8-403D-8CAC-5C960F4A1EC5}.Release|Any CPU.Build.0 = Release|Any CPU
		{1565A1E9-462C-436F-BE80-F1A8875DC667}.Debug|Any CPU.ActiveCfg = Debug|Any CPU
		{1565A1E9-462C-436F-BE80-F1A8875DC667}.Debug|Any CPU.Build.0 = Debug|Any CPU
		{1565A1E9-462C-436F-BE80-F1A8875DC667}.Release|Any CPU.ActiveCfg = Release|Any CPU
		{1565A1E9-462C-436F-BE80-F1A8875DC667}.Release|Any CPU.Build.0 = Release|Any CPU
		{178ACC64-FDFE-4699-9955-9AD1147C3685}.Debug|Any CPU.ActiveCfg = Debug|Any CPU
		{178ACC64-FDFE-4699-9955-9AD1147C3685}.Debug|Any CPU.Build.0 = Debug|Any CPU
		{178ACC64-FDFE-4699-9955-9AD1147C3685}.Release|Any CPU.ActiveCfg = Release|Any CPU
		{178ACC64-FDFE-4699-9955-9AD1147C3685}.Release|Any CPU.Build.0 = Release|Any CPU
		{704D9622-8B4C-4083-89EC-C75807397976}.Debug|Any CPU.ActiveCfg = Debug|Any CPU
		{704D9622-8B4C-4083-89EC-C75807397976}.Debug|Any CPU.Build.0 = Debug|Any CPU
		{704D9622-8B4C-4083-89EC-C75807397976}.Release|Any CPU.ActiveCfg = Release|Any CPU
		{704D9622-8B4C-4083-89EC-C75807397976}.Release|Any CPU.Build.0 = Release|Any CPU
		{4E1EB78C-24FC-4DF8-A92D-99E6BF4A00A3}.Debug|Any CPU.ActiveCfg = Debug|Any CPU
		{4E1EB78C-24FC-4DF8-A92D-99E6BF4A00A3}.Debug|Any CPU.Build.0 = Debug|Any CPU
		{4E1EB78C-24FC-4DF8-A92D-99E6BF4A00A3}.Release|Any CPU.ActiveCfg = Release|Any CPU
		{4E1EB78C-24FC-4DF8-A92D-99E6BF4A00A3}.Release|Any CPU.Build.0 = Release|Any CPU
		{F050B835-65DF-4B8C-8713-E5D649B4DDF9}.Debug|Any CPU.ActiveCfg = Debug|Any CPU
		{F050B835-65DF-4B8C-8713-E5D649B4DDF9}.Debug|Any CPU.Build.0 = Debug|Any CPU
		{F050B835-65DF-4B8C-8713-E5D649B4DDF9}.Release|Any CPU.ActiveCfg = Release|Any CPU
		{F050B835-65DF-4B8C-8713-E5D649B4DDF9}.Release|Any CPU.Build.0 = Release|Any CPU
		{1C099832-4931-40C8-AE70-8B000738A5C7}.Debug|Any CPU.ActiveCfg = Debug|Any CPU
		{1C099832-4931-40C8-AE70-8B000738A5C7}.Debug|Any CPU.Build.0 = Debug|Any CPU
		{1C099832-4931-40C8-AE70-8B000738A5C7}.Release|Any CPU.ActiveCfg = Release|Any CPU
		{1C099832-4931-40C8-AE70-8B000738A5C7}.Release|Any CPU.Build.0 = Release|Any CPU
		{3B037FD6-54D5-4B3C-B065-EBB6BCB47B29}.Debug|Any CPU.ActiveCfg = Debug|Any CPU
		{3B037FD6-54D5-4B3C-B065-EBB6BCB47B29}.Debug|Any CPU.Build.0 = Debug|Any CPU
		{3B037FD6-54D5-4B3C-B065-EBB6BCB47B29}.Release|Any CPU.ActiveCfg = Release|Any CPU
		{3B037FD6-54D5-4B3C-B065-EBB6BCB47B29}.Release|Any CPU.Build.0 = Release|Any CPU
		{392D4B6E-BD7A-4757-A09E-68C30CEE08D5}.Debug|Any CPU.ActiveCfg = Debug|Any CPU
		{392D4B6E-BD7A-4757-A09E-68C30CEE08D5}.Debug|Any CPU.Build.0 = Debug|Any CPU
		{392D4B6E-BD7A-4757-A09E-68C30CEE08D5}.Release|Any CPU.ActiveCfg = Release|Any CPU
		{392D4B6E-BD7A-4757-A09E-68C30CEE08D5}.Release|Any CPU.Build.0 = Release|Any CPU
		{AF200D12-76E5-4468-94D0-A6A88B4799C3}.Debug|Any CPU.ActiveCfg = Debug|Any CPU
		{AF200D12-76E5-4468-94D0-A6A88B4799C3}.Debug|Any CPU.Build.0 = Debug|Any CPU
		{AF200D12-76E5-4468-94D0-A6A88B4799C3}.Release|Any CPU.ActiveCfg = Release|Any CPU
		{AF200D12-76E5-4468-94D0-A6A88B4799C3}.Release|Any CPU.Build.0 = Release|Any CPU
		{2C262788-4C43-4CF7-B022-639A2259F401}.Debug|Any CPU.ActiveCfg = Debug|Any CPU
		{2C262788-4C43-4CF7-B022-639A2259F401}.Debug|Any CPU.Build.0 = Debug|Any CPU
		{2C262788-4C43-4CF7-B022-639A2259F401}.Release|Any CPU.ActiveCfg = Release|Any CPU
		{2C262788-4C43-4CF7-B022-639A2259F401}.Release|Any CPU.Build.0 = Release|Any CPU
		{6426312D-9181-4383-8341-37AF63CE3001}.Debug|Any CPU.ActiveCfg = Debug|Any CPU
		{6426312D-9181-4383-8341-37AF63CE3001}.Debug|Any CPU.Build.0 = Debug|Any CPU
		{6426312D-9181-4383-8341-37AF63CE3001}.Release|Any CPU.ActiveCfg = Release|Any CPU
		{6426312D-9181-4383-8341-37AF63CE3001}.Release|Any CPU.Build.0 = Release|Any CPU
		{D839A3BA-E2F7-4E15-97AF-C62C05804C1F}.Debug|Any CPU.ActiveCfg = Debug|Any CPU
		{D839A3BA-E2F7-4E15-97AF-C62C05804C1F}.Debug|Any CPU.Build.0 = Debug|Any CPU
		{D839A3BA-E2F7-4E15-97AF-C62C05804C1F}.Release|Any CPU.ActiveCfg = Release|Any CPU
		{D839A3BA-E2F7-4E15-97AF-C62C05804C1F}.Release|Any CPU.Build.0 = Release|Any CPU
		{F759C46B-C23E-41C6-ABD3-D293130F6120}.Debug|Any CPU.ActiveCfg = Debug|Any CPU
		{F759C46B-C23E-41C6-ABD3-D293130F6120}.Debug|Any CPU.Build.0 = Debug|Any CPU
		{F759C46B-C23E-41C6-ABD3-D293130F6120}.Release|Any CPU.ActiveCfg = Release|Any CPU
		{F759C46B-C23E-41C6-ABD3-D293130F6120}.Release|Any CPU.Build.0 = Release|Any CPU
		{8601E243-80C2-4530-A0E3-6393E0418DED}.Debug|Any CPU.ActiveCfg = Debug|Any CPU
		{8601E243-80C2-4530-A0E3-6393E0418DED}.Debug|Any CPU.Build.0 = Debug|Any CPU
		{8601E243-80C2-4530-A0E3-6393E0418DED}.Release|Any CPU.ActiveCfg = Release|Any CPU
		{8601E243-80C2-4530-A0E3-6393E0418DED}.Release|Any CPU.Build.0 = Release|Any CPU
		{BDAC9375-78EC-4774-AEE2-31BE74AA2A0A}.Debug|Any CPU.ActiveCfg = Debug|Any CPU
		{BDAC9375-78EC-4774-AEE2-31BE74AA2A0A}.Debug|Any CPU.Build.0 = Debug|Any CPU
		{BDAC9375-78EC-4774-AEE2-31BE74AA2A0A}.Release|Any CPU.ActiveCfg = Release|Any CPU
		{BDAC9375-78EC-4774-AEE2-31BE74AA2A0A}.Release|Any CPU.Build.0 = Release|Any CPU
	EndGlobalSection
	GlobalSection(SolutionProperties) = preSolution
		HideSolutionNode = FALSE
	EndGlobalSection
	GlobalSection(ExtensibilityGlobals) = postSolution
		SolutionGuid = {3A05C0E7-EC46-4F43-92F4-80CE8F9A6DE0}
	EndGlobalSection
EndGlobal
